// !$*UTF8*$!
{
	archiveVersion = 1;
	classes = {
	};
	objectVersion = 46;
	objects = {

/* Begin PBXBuildFile section */
		B52635CE1B2C7B76009AF9CB /* Main.storyboard in Resources */ = {isa = PBXBuildFile; fileRef = B52635CC1B2C7B76009AF9CB /* Main.storyboard */; };
		B589B88A1B2BAEB70087D156 /* json.swift in Sources */ = {isa = PBXBuildFile; fileRef = B589B8891B2BAEB70087D156 /* json.swift */; };
		B5D3B6FB1B2B30F300552275 /* AppDelegate.swift in Sources */ = {isa = PBXBuildFile; fileRef = B5D3B6FA1B2B30F300552275 /* AppDelegate.swift */; };
		B5D3B6FD1B2B30F300552275 /* ViewController.swift in Sources */ = {isa = PBXBuildFile; fileRef = B5D3B6FC1B2B30F300552275 /* ViewController.swift */; };
		B5D3B7021B2B30F300552275 /* Images.xcassets in Resources */ = {isa = PBXBuildFile; fileRef = B5D3B7011B2B30F300552275 /* Images.xcassets */; };
		B5D3B7051B2B30F300552275 /* LaunchScreen.xib in Resources */ = {isa = PBXBuildFile; fileRef = B5D3B7031B2B30F300552275 /* LaunchScreen.xib */; };
		B5D3B7111B2B30F300552275 /* Quinterest_AppTests.swift in Sources */ = {isa = PBXBuildFile; fileRef = B5D3B7101B2B30F300552275 /* Quinterest_AppTests.swift */; };
		B5D3B71F1B2B594000552275 /* ResultsViewController.swift in Sources */ = {isa = PBXBuildFile; fileRef = B5D3B71E1B2B594000552275 /* ResultsViewController.swift */; };
/* End PBXBuildFile section */

/* Begin PBXContainerItemProxy section */
		B5D3B70B1B2B30F300552275 /* PBXContainerItemProxy */ = {
			isa = PBXContainerItemProxy;
			containerPortal = B5D3B6ED1B2B30F300552275 /* Project object */;
			proxyType = 1;
			remoteGlobalIDString = B5D3B6F41B2B30F300552275;
			remoteInfo = "Quinterest App";
		};
/* End PBXContainerItemProxy section */

/* Begin PBXFileReference section */
		B52635CD1B2C7B76009AF9CB /* Base */ = {isa = PBXFileReference; lastKnownFileType = file.storyboard; name = Base; path = Base.lproj/Main.storyboard; sourceTree = "<group>"; };
		B589B8891B2BAEB70087D156 /* json.swift */ = {isa = PBXFileReference; fileEncoding = 4; lastKnownFileType = sourcecode.swift; name = json.swift; path = "../../../../../Downloads/swift-json-master/json/json.swift"; sourceTree = "<group>"; };
		B5D3B6F51B2B30F300552275 /* Quinterest App.app */ = {isa = PBXFileReference; explicitFileType = wrapper.application; includeInIndex = 0; path = "Quinterest App.app"; sourceTree = BUILT_PRODUCTS_DIR; };
		B5D3B6F91B2B30F300552275 /* Info.plist */ = {isa = PBXFileReference; lastKnownFileType = text.plist.xml; path = Info.plist; sourceTree = "<group>"; };
		B5D3B6FA1B2B30F300552275 /* AppDelegate.swift */ = {isa = PBXFileReference; lastKnownFileType = sourcecode.swift; path = AppDelegate.swift; sourceTree = "<group>"; };
		B5D3B6FC1B2B30F300552275 /* ViewController.swift */ = {isa = PBXFileReference; lastKnownFileType = sourcecode.swift; path = ViewController.swift; sourceTree = "<group>"; };
		B5D3B7011B2B30F300552275 /* Images.xcassets */ = {isa = PBXFileReference; lastKnownFileType = folder.assetcatalog; path = Images.xcassets; sourceTree = "<group>"; };
		B5D3B7041B2B30F300552275 /* Base */ = {isa = PBXFileReference; lastKnownFileType = file.xib; name = Base; path = Base.lproj/LaunchScreen.xib; sourceTree = "<group>"; };
		B5D3B70A1B2B30F300552275 /* Quinterest AppTests.xctest */ = {isa = PBXFileReference; explicitFileType = wrapper.cfbundle; includeInIndex = 0; path = "Quinterest AppTests.xctest"; sourceTree = BUILT_PRODUCTS_DIR; };
		B5D3B70F1B2B30F300552275 /* Info.plist */ = {isa = PBXFileReference; lastKnownFileType = text.plist.xml; path = Info.plist; sourceTree = "<group>"; };
		B5D3B7101B2B30F300552275 /* Quinterest_AppTests.swift */ = {isa = PBXFileReference; lastKnownFileType = sourcecode.swift; path = Quinterest_AppTests.swift; sourceTree = "<group>"; };
		B5D3B71E1B2B594000552275 /* ResultsViewController.swift */ = {isa = PBXFileReference; fileEncoding = 4; lastKnownFileType = sourcecode.swift; path = ResultsViewController.swift; sourceTree = "<group>"; };
/* End PBXFileReference section */

/* Begin PBXFrameworksBuildPhase section */
		B5D3B6F21B2B30F300552275 /* Frameworks */ = {
			isa = PBXFrameworksBuildPhase;
			buildActionMask = 2147483647;
			files = (
			);
			runOnlyForDeploymentPostprocessing = 0;
		};
		B5D3B7071B2B30F300552275 /* Frameworks */ = {
			isa = PBXFrameworksBuildPhase;
			buildActionMask = 2147483647;
			files = (
			);
			runOnlyForDeploymentPostprocessing = 0;
		};
/* End PBXFrameworksBuildPhase section */

/* Begin PBXGroup section */
		B5D3B6EC1B2B30F300552275 = {
			isa = PBXGroup;
			children = (
				B5D3B6F71B2B30F300552275 /* Quinterest App */,
				B5D3B70D1B2B30F300552275 /* Quinterest AppTests */,
				B5D3B6F61B2B30F300552275 /* Products */,
			);
			sourceTree = "<group>";
		};
		B5D3B6F61B2B30F300552275 /* Products */ = {
			isa = PBXGroup;
			children = (
				B5D3B6F51B2B30F300552275 /* Quinterest App.app */,
				B5D3B70A1B2B30F300552275 /* Quinterest AppTests.xctest */,
			);
			name = Products;
			sourceTree = "<group>";
		};
		B5D3B6F71B2B30F300552275 /* Quinterest App */ = {
			isa = PBXGroup;
			children = (
				B52635CC1B2C7B76009AF9CB /* Main.storyboard */,
				B5D3B6FA1B2B30F300552275 /* AppDelegate.swift */,
				B5D3B6FC1B2B30F300552275 /* ViewController.swift */,
				B589B8891B2BAEB70087D156 /* json.swift */,
				B5D3B7011B2B30F300552275 /* Images.xcassets */,
				B5D3B7031B2B30F300552275 /* LaunchScreen.xib */,
				B5D3B6F81B2B30F300552275 /* Supporting Files */,
				B5D3B71E1B2B594000552275 /* ResultsViewController.swift */,
			);
			path = "Quinterest App";
			sourceTree = "<group>";
		};
		B5D3B6F81B2B30F300552275 /* Supporting Files */ = {
			isa = PBXGroup;
			children = (
				B5D3B6F91B2B30F300552275 /* Info.plist */,
			);
			name = "Supporting Files";
			sourceTree = "<group>";
		};
		B5D3B70D1B2B30F300552275 /* Quinterest AppTests */ = {
			isa = PBXGroup;
			children = (
				B5D3B7101B2B30F300552275 /* Quinterest_AppTests.swift */,
				B5D3B70E1B2B30F300552275 /* Supporting Files */,
			);
			path = "Quinterest AppTests";
			sourceTree = "<group>";
		};
		B5D3B70E1B2B30F300552275 /* Supporting Files */ = {
			isa = PBXGroup;
			children = (
				B5D3B70F1B2B30F300552275 /* Info.plist */,
			);
			name = "Supporting Files";
			sourceTree = "<group>";
		};
/* End PBXGroup section */

/* Begin PBXNativeTarget section */
		B5D3B6F41B2B30F300552275 /* Quinterest App */ = {
			isa = PBXNativeTarget;
			buildConfigurationList = B5D3B7141B2B30F300552275 /* Build configuration list for PBXNativeTarget "Quinterest App" */;
			buildPhases = (
				B5D3B6F11B2B30F300552275 /* Sources */,
				B5D3B6F21B2B30F300552275 /* Frameworks */,
				B5D3B6F31B2B30F300552275 /* Resources */,
			);
			buildRules = (
			);
			dependencies = (
			);
			name = "Quinterest App";
			productName = "Quinterest App";
			productReference = B5D3B6F51B2B30F300552275 /* Quinterest App.app */;
			productType = "com.apple.product-type.application";
		};
		B5D3B7091B2B30F300552275 /* Quinterest AppTests */ = {
			isa = PBXNativeTarget;
			buildConfigurationList = B5D3B7171B2B30F300552275 /* Build configuration list for PBXNativeTarget "Quinterest AppTests" */;
			buildPhases = (
				B5D3B7061B2B30F300552275 /* Sources */,
				B5D3B7071B2B30F300552275 /* Frameworks */,
				B5D3B7081B2B30F300552275 /* Resources */,
			);
			buildRules = (
			);
			dependencies = (
				B5D3B70C1B2B30F300552275 /* PBXTargetDependency */,
			);
			name = "Quinterest AppTests";
			productName = "Quinterest AppTests";
			productReference = B5D3B70A1B2B30F300552275 /* Quinterest AppTests.xctest */;
			productType = "com.apple.product-type.bundle.unit-test";
		};
/* End PBXNativeTarget section */

/* Begin PBXProject section */
		B5D3B6ED1B2B30F300552275 /* Project object */ = {
			isa = PBXProject;
			attributes = {
				LastUpgradeCheck = 0630;
				ORGANIZATIONNAME = Laucity;
				TargetAttributes = {
					B5D3B6F41B2B30F300552275 = {
						CreatedOnToolsVersion = 6.3.2;
					};
					B5D3B7091B2B30F300552275 = {
						CreatedOnToolsVersion = 6.3.2;
						TestTargetID = B5D3B6F41B2B30F300552275;
					};
				};
			};
			buildConfigurationList = B5D3B6F01B2B30F300552275 /* Build configuration list for PBXProject "Quinterest App" */;
			compatibilityVersion = "Xcode 3.2";
			developmentRegion = English;
			hasScannedForEncodings = 0;
			knownRegions = (
				en,
				Base,
			);
			mainGroup = B5D3B6EC1B2B30F300552275;
			productRefGroup = B5D3B6F61B2B30F300552275 /* Products */;
			projectDirPath = "";
			projectRoot = "";
			targets = (
				B5D3B6F41B2B30F300552275 /* Quinterest App */,
				B5D3B7091B2B30F300552275 /* Quinterest AppTests */,
			);
		};
/* End PBXProject section */

/* Begin PBXResourcesBuildPhase section */
		B5D3B6F31B2B30F300552275 /* Resources */ = {
			isa = PBXResourcesBuildPhase;
			buildActionMask = 2147483647;
			files = (
				B52635CE1B2C7B76009AF9CB /* Main.storyboard in Resources */,
				B5D3B7051B2B30F300552275 /* LaunchScreen.xib in Resources */,
				B5D3B7021B2B30F300552275 /* Images.xcassets in Resources */,
			);
			runOnlyForDeploymentPostprocessing = 0;
		};
		B5D3B7081B2B30F300552275 /* Resources */ = {
			isa = PBXResourcesBuildPhase;
			buildActionMask = 2147483647;
			files = (
			);
			runOnlyForDeploymentPostprocessing = 0;
		};
/* End PBXResourcesBuildPhase section */

/* Begin PBXSourcesBuildPhase section */
		B5D3B6F11B2B30F300552275 /* Sources */ = {
			isa = PBXSourcesBuildPhase;
			buildActionMask = 2147483647;
			files = (
				B5D3B6FD1B2B30F300552275 /* ViewController.swift in Sources */,
				B5D3B6FB1B2B30F300552275 /* AppDelegate.swift in Sources */,
				B5D3B71F1B2B594000552275 /* ResultsViewController.swift in Sources */,
				B589B88A1B2BAEB70087D156 /* json.swift in Sources */,
			);
			runOnlyForDeploymentPostprocessing = 0;
		};
		B5D3B7061B2B30F300552275 /* Sources */ = {
			isa = PBXSourcesBuildPhase;
			buildActionMask = 2147483647;
			files = (
				B5D3B7111B2B30F300552275 /* Quinterest_AppTests.swift in Sources */,
			);
			runOnlyForDeploymentPostprocessing = 0;
		};
/* End PBXSourcesBuildPhase section */

/* Begin PBXTargetDependency section */
		B5D3B70C1B2B30F300552275 /* PBXTargetDependency */ = {
			isa = PBXTargetDependency;
			target = B5D3B6F41B2B30F300552275 /* Quinterest App */;
			targetProxy = B5D3B70B1B2B30F300552275 /* PBXContainerItemProxy */;
		};
/* End PBXTargetDependency section */

/* Begin PBXVariantGroup section */
		B52635CC1B2C7B76009AF9CB /* Main.storyboard */ = {
			isa = PBXVariantGroup;
			children = (
				B52635CD1B2C7B76009AF9CB /* Base */,
			);
			name = Main.storyboard;
			sourceTree = "<group>";
		};
		B5D3B7031B2B30F300552275 /* LaunchScreen.xib */ = {
			isa = PBXVariantGroup;
			children = (
				B5D3B7041B2B30F300552275 /* Base */,
			);
			name = LaunchScreen.xib;
			sourceTree = "<group>";
		};
/* End PBXVariantGroup section */

/* Begin XCBuildConfiguration section */
		B5D3B7121B2B30F300552275 /* Debug */ = {
			isa = XCBuildConfiguration;
			buildSettings = {
				ALWAYS_SEARCH_USER_PATHS = NO;
				CLANG_CXX_LANGUAGE_STANDARD = "gnu++0x";
				CLANG_CXX_LIBRARY = "libc++";
				CLANG_ENABLE_MODULES = YES;
				CLANG_ENABLE_OBJC_ARC = YES;
				CLANG_WARN_BOOL_CONVERSION = YES;
				CLANG_WARN_CONSTANT_CONVERSION = YES;
				CLANG_WARN_DIRECT_OBJC_ISA_USAGE = YES_ERROR;
				CLANG_WARN_EMPTY_BODY = YES;
				CLANG_WARN_ENUM_CONVERSION = YES;
				CLANG_WARN_INT_CONVERSION = YES;
				CLANG_WARN_OBJC_ROOT_CLASS = YES_ERROR;
				CLANG_WARN_UNREACHABLE_CODE = YES;
				CLANG_WARN__DUPLICATE_METHOD_MATCH = YES;
				"CODE_SIGN_IDENTITY[sdk=iphoneos*]" = "iPhone Developer";
				COPY_PHASE_STRIP = NO;
				DEBUG_INFORMATION_FORMAT = "dwarf-with-dsym";
				ENABLE_STRICT_OBJC_MSGSEND = YES;
				GCC_C_LANGUAGE_STANDARD = gnu99;
				GCC_DYNAMIC_NO_PIC = NO;
				GCC_NO_COMMON_BLOCKS = YES;
				GCC_OPTIMIZATION_LEVEL = 0;
				GCC_PREPROCESSOR_DEFINITIONS = (
					"DEBUG=1",
					"$(inherited)",
				);
				GCC_SYMBOLS_PRIVATE_EXTERN = NO;
				GCC_WARN_64_TO_32_BIT_CONVERSION = YES;
				GCC_WARN_ABOUT_RETURN_TYPE = YES_ERROR;
				GCC_WARN_UNDECLARED_SELECTOR = YES;
				GCC_WARN_UNINITIALIZED_AUTOS = YES_AGGRESSIVE;
				GCC_WARN_UNUSED_FUNCTION = YES;
				GCC_WARN_UNUSED_VARIABLE = YES;
				IPHONEOS_DEPLOYMENT_TARGET = 8.3;
				MTL_ENABLE_DEBUG_INFO = YES;
				ONLY_ACTIVE_ARCH = YES;
				SDKROOT = iphoneos;
				SWIFT_OPTIMIZATION_LEVEL = "-Onone";
				TARGETED_DEVICE_FAMILY = "1,2";
			};
			name = Debug;
		};
		B5D3B7131B2B30F300552275 /* Release */ = {
			isa = XCBuildConfiguration;
			buildSettings = {
				ALWAYS_SEARCH_USER_PATHS = NO;
				CLANG_CXX_LANGUAGE_STANDARD = "gnu++0x";
				CLANG_CXX_LIBRARY = "libc++";
				CLANG_ENABLE_MODULES = YES;
				CLANG_ENABLE_OBJC_ARC = YES;
				CLANG_WARN_BOOL_CONVERSION = YES;
				CLANG_WARN_CONSTANT_CONVERSION = YES;
				CLANG_WARN_DIRECT_OBJC_ISA_USAGE = YES_ERROR;
				CLANG_WARN_EMPTY_BODY = YES;
				CLANG_WARN_ENUM_CONVERSION = YES;
				CLANG_WARN_INT_CONVERSION = YES;
				CLANG_WARN_OBJC_ROOT_CLASS = YES_ERROR;
				CLANG_WARN_UNREACHABLE_CODE = YES;
				CLANG_WARN__DUPLICATE_METHOD_MATCH = YES;
				"CODE_SIGN_IDENTITY[sdk=iphoneos*]" = "iPhone Developer";
				COPY_PHASE_STRIP = NO;
				DEBUG_INFORMATION_FORMAT = "dwarf-with-dsym";
				ENABLE_NS_ASSERTIONS = NO;
				ENABLE_STRICT_OBJC_MSGSEND = YES;
				GCC_C_LANGUAGE_STANDARD = gnu99;
				GCC_NO_COMMON_BLOCKS = YES;
				GCC_WARN_64_TO_32_BIT_CONVERSION = YES;
				GCC_WARN_ABOUT_RETURN_TYPE = YES_ERROR;
				GCC_WARN_UNDECLARED_SELECTOR = YES;
				GCC_WARN_UNINITIALIZED_AUTOS = YES_AGGRESSIVE;
				GCC_WARN_UNUSED_FUNCTION = YES;
				GCC_WARN_UNUSED_VARIABLE = YES;
				IPHONEOS_DEPLOYMENT_TARGET = 8.3;
				MTL_ENABLE_DEBUG_INFO = NO;
				SDKROOT = iphoneos;
				TARGETED_DEVICE_FAMILY = "1,2";
				VALIDATE_PRODUCT = YES;
			};
			name = Release;
		};
		B5D3B7151B2B30F300552275 /* Debug */ = {
			isa = XCBuildConfiguration;
			buildSettings = {
				ASSETCATALOG_COMPILER_APPICON_NAME = AppIcon;
				INFOPLIST_FILE = "Quinterest App/Info.plist";
				LD_RUNPATH_SEARCH_PATHS = "$(inherited) @executable_path/Frameworks";
				PRODUCT_NAME = "$(TARGET_NAME)";
			};
			name = Debug;
		};
		B5D3B7161B2B30F300552275 /* Release */ = {
			isa = XCBuildConfiguration;
			buildSettings = {
				ASSETCATALOG_COMPILER_APPICON_NAME = AppIcon;
				INFOPLIST_FILE = "Quinterest App/Info.plist";
				LD_RUNPATH_SEARCH_PATHS = "$(inherited) @executable_path/Frameworks";
				PRODUCT_NAME = "$(TARGET_NAME)";
			};
			name = Release;
		};
		B5D3B7181B2B30F300552275 /* Debug */ = {
			isa = XCBuildConfiguration;
			buildSettings = {
				BUNDLE_LOADER = "$(TEST_HOST)";
				FRAMEWORK_SEARCH_PATHS = (
					"$(SDKROOT)/Developer/Library/Frameworks",
					"$(inherited)",
				);
				GCC_PREPROCESSOR_DEFINITIONS = (
					"DEBUG=1",
					"$(inherited)",
				);
				INFOPLIST_FILE = "Quinterest AppTests/Info.plist";
				LD_RUNPATH_SEARCH_PATHS = "$(inherited) @executable_path/Frameworks @loader_path/Frameworks";
				PRODUCT_NAME = "$(TARGET_NAME)";
				TEST_HOST = "$(BUILT_PRODUCTS_DIR)/Quinterest App.app/Quinterest App";
			};
			name = Debug;
		};
		B5D3B7191B2B30F300552275 /* Release */ = {
			isa = XCBuildConfiguration;
			buildSettings = {
				BUNDLE_LOADER = "$(TEST_HOST)";
				FRAMEWORK_SEARCH_PATHS = (
					"$(SDKROOT)/Developer/Library/Frameworks",
					"$(inherited)",
				);
				INFOPLIST_FILE = "Quinterest AppTests/Info.plist";
				LD_RUNPATH_SEARCH_PATHS = "$(inherited) @executable_path/Frameworks @loader_path/Frameworks";
				PRODUCT_NAME = "$(TARGET_NAME)";
				TEST_HOST = "$(BUILT_PRODUCTS_DIR)/Quinterest App.app/Quinterest App";
			};
			name = Release;
		};
/* End XCBuildConfiguration section */

/* Begin XCConfigurationList section */
		B5D3B6F01B2B30F300552275 /* Build configuration list for PBXProject "Quinterest App" */ = {
			isa = XCConfigurationList;
			buildConfigurations = (
				B5D3B7121B2B30F300552275 /* Debug */,
				B5D3B7131B2B30F300552275 /* Release */,
			);
			defaultConfigurationIsVisible = 0;
			defaultConfigurationName = Release;
		};
		B5D3B7141B2B30F300552275 /* Build configuration list for PBXNativeTarget "Quinterest App" */ = {
			isa = XCConfigurationList;
			buildConfigurations = (
				B5D3B7151B2B30F300552275 /* Debug */,
				B5D3B7161B2B30F300552275 /* Release */,
			);
			defaultConfigurationIsVisible = 0;
			defaultConfigurationName = Release;
		};
		B5D3B7171B2B30F300552275 /* Build configuration list for PBXNativeTarget "Quinterest AppTests" */ = {
			isa = XCConfigurationList;
			buildConfigurations = (
				B5D3B7181B2B30F300552275 /* Debug */,
				B5D3B7191B2B30F300552275 /* Release */,
			);
			defaultConfigurationIsVisible = 0;
			defaultConfigurationName = Release;
		};
/* End XCConfigurationList section */
	};
	rootObject = B5D3B6ED1B2B30F300552275 /* Project object */;
}
